{
  "name": "AnanthaKrishnanKG",
  "version": "1.0.0",
  "lockfileVersion": 1,
  "requires": true,
  "dependencies": {
    "@primer/css": {
      "version": "12.4.0",
      "resolved": "https://registry.npmjs.org/@primer/css/-/css-12.4.0.tgz",
      "integrity": "sha512-VzCD65AZZd2bjy9tv88hH40kGzuJjjga6UXqVA/Wxxb91JiCoqPrkO9Kou6nN8ql3IM3KY95wktmnM+XR2TpVQ=="
    },
    "async": {
      "version": "1.5.2",
      "resolved": "https://registry.npmjs.org/async/-/async-1.5.2.tgz",
      "integrity": "sha1-7GphrlZIDAw8skHJVhjiCJL5Zyo="
    },
    "colors": {
      "version": "1.0.3",
      "resolved": "https://registry.npmjs.org/colors/-/colors-1.0.3.tgz",
      "integrity": "sha1-BDP0TYCWgP3rYO0mDxsMJi6CpAs="
    },
    "corser": {
      "version": "2.0.1",
      "resolved": "https://registry.npmjs.org/corser/-/corser-2.0.1.tgz",
      "integrity": "sha1-jtolLsqrWEDc2XXOuQ2TcMgZ/4c="
    },
    "debug": {
      "version": "3.2.6",
      "resolved": "https://registry.npmjs.org/debug/-/debug-3.2.6.tgz",
      "integrity": "sha512-mel+jf7nrtEl5Pn1Qx46zARXKDpBbvzezse7p7LqINmdoIk8PYP5SySaxEmYv6TZ0JyEKA1hsCId6DIhgITtWQ==",
      "requires": {
        "ms": "^2.1.1"
      }
    },
    "ecstatic": {
      "version": "3.3.2",
      "resolved": "https://registry.npmjs.org/ecstatic/-/ecstatic-3.3.2.tgz",
      "integrity": "sha512-fLf9l1hnwrHI2xn9mEDT7KIi22UDqA2jaCwyCbSUJh9a1V+LEUSL/JO/6TIz/QyuBURWUHrFL5Kg2TtO1bkkog==",
      "requires": {
        "he": "^1.1.1",
        "mime": "^1.6.0",
        "minimist": "^1.1.0",
        "url-join": "^2.0.5"
      }
    },
    "eventemitter3": {
      "version": "3.1.2",
      "resolved": "https://registry.npmjs.org/eventemitter3/-/eventemitter3-3.1.2.tgz",
      "integrity": "sha512-tvtQIeLVHjDkJYnzf2dgVMxfuSGJeM/7UCG17TT4EumTfNtF+0nebF/4zWOIkCreAbtNqhGEboB6BWrwqNaw4Q=="
    },
    "follow-redirects": {
      "version": "1.7.0",
      "resolved": "https://registry.npmjs.org/follow-redirects/-/follow-redirects-1.7.0.tgz",
      "integrity": "sha512-m/pZQy4Gj287eNy94nivy5wchN3Kp+Q5WgUPNy5lJSZ3sgkVKSYV/ZChMAQVIgx1SqfZ2zBZtPA2YlXIWxxJOQ==",
      "requires": {
        "debug": "^3.2.6"
      }
    },
    "he": {
      "version": "1.2.0",
      "resolved": "https://registry.npmjs.org/he/-/he-1.2.0.tgz",
      "integrity": "sha512-F/1DnUGPopORZi0ni+CvrCgHQ5FyEAHRLSApuYWMmrbSwoN2Mn/7k+Gl38gJnR7yyDZk6WLXwiGod1JOWNDKGw=="
    },
    "http-proxy": {
      "version": "1.17.0",
      "resolved": "https://registry.npmjs.org/http-proxy/-/http-proxy-1.17.0.tgz",
      "integrity": "sha512-Taqn+3nNvYRfJ3bGvKfBSRwy1v6eePlm3oc/aWVxZp57DQr5Eq3xhKJi7Z4hZpS8PC3H4qI+Yly5EmFacGuA/g==",
      "requires": {
        "eventemitter3": "^3.0.0",
        "follow-redirects": "^1.0.0",
        "requires-port": "^1.0.0"
      }
    },
    "http-server": {
      "version": "0.11.1",
      "resolved": "https://registry.npmjs.org/http-server/-/http-server-0.11.1.tgz",
      "integrity": "sha512-6JeGDGoujJLmhjiRGlt8yK8Z9Kl0vnl/dQoQZlc4oeqaUoAKQg94NILLfrY3oWzSyFaQCVNTcKE5PZ3cH8VP9w==",
      "requires": {
        "colors": "1.0.3",
        "corser": "~2.0.0",
        "ecstatic": "^3.0.0",
        "http-proxy": "^1.8.1",
        "opener": "~1.4.0",
        "optimist": "0.6.x",
        "portfinder": "^1.0.13",
        "union": "~0.4.3"
      }
    },
    "mime": {
      "version": "1.6.0",
      "resolved": "https://registry.npmjs.org/mime/-/mime-1.6.0.tgz",
      "integrity": "sha512-x0Vn8spI+wuJ1O6S7gnbaQg8Pxh4NNHb7KSINmEWKiPE4RKOplvijn+NkmYmmRgP68mc70j2EbeTFRsrswaQeg=="
    },
    "minimist": {
      "version": "1.2.0",
      "resolved": "https://registry.npmjs.org/minimist/-/minimist-1.2.0.tgz",
      "integrity": "sha1-o1AIsg9BOD7sH7kU9M1d95omQoQ="
    },
    "mkdirp": {
      "version": "0.5.1",
      "resolved": "https://registry.npmjs.org/mkdirp/-/mkdirp-0.5.1.tgz",
      "integrity": "sha1-MAV0OOrGz3+MR2fzhkjWaX11yQM=",
      "requires": {
        "minimist": "0.0.8"
      },
      "dependencies": {
        "minimist": {
          "version": "0.0.8",
          "resolved": "https://registry.npmjs.org/minimist/-/minimist-0.0.8.tgz",
          "integrity": "sha1-hX/Kv8M5fSYluCKCYuhqp6ARsF0="
        }
      }
    },
    "ms": {
      "version": "2.1.2",
      "resolved": "https://registry.npmjs.org/ms/-/ms-2.1.2.tgz",
      "integrity": "sha512-sGkPx+VjMtmA6MX27oA4FBFELFCZZ4S4XqeGOXCv68tT+jb3vk/RyaKWP0PTKyWtmLSM0b+adUTEvbs1PEaH2w=="
    },
    "object-assign": {
      "version": "4.1.1",
      "resolved": "https://registry.npmjs.org/object-assign/-/object-assign-4.1.1.tgz",
      "integrity": "sha1-IQmtx5ZYh8/AXLvUQsrIv7s2CGM="
    },
    "octicons": {
      "version": "8.5.0",
      "resolved": "https://registry.npmjs.org/octicons/-/octicons-8.5.0.tgz",
      "integrity": "sha512-l4GCHwBvStuwVfIuqUx/ktFJQJdCqLnd0bi2dvYZzkza6wj9EUksfMUlTqyVMULbPIvRTXxOqn/W07fsMu1bXA==",
      "requires": {
        "object-assign": "^4.1.1"
      }
    },
    "opener": {
      "version": "1.4.3",
      "resolved": "https://registry.npmjs.org/opener/-/opener-1.4.3.tgz",
      "integrity": "sha1-XG2ixdflgx6P+jlklQ+NZnSskLg="
    },
    "optimist": {
      "version": "0.6.1",
      "resolved": "https://registry.npmjs.org/optimist/-/optimist-0.6.1.tgz",
      "integrity": "sha1-2j6nRob6IaGaERwybpDrFaAZZoY=",
      "requires": {
        "minimist": "~0.0.1",
        "wordwrap": "~0.0.2"
      },
      "dependencies": {
        "minimist": {
          "version": "0.0.10",
          "resolved": "https://registry.npmjs.org/minimist/-/minimist-0.0.10.tgz",
          "integrity": "sha1-3j+YVD2/lggr5IrRoMfNqDYwHc8="
        }
      }
    },
    "portfinder": {
      "version": "1.0.20",
      "resolved": "https://registry.npmjs.org/portfinder/-/portfinder-1.0.20.tgz",
      "integrity": "sha512-Yxe4mTyDzTd59PZJY4ojZR8F+E5e97iq2ZOHPz3HDgSvYC5siNad2tLooQ5y5QHyQhc3xVqvyk/eNA3wuoa7Sw==",
      "requires": {
        "async": "^1.5.2",
        "debug": "^2.2.0",
        "mkdirp": "0.5.x"
      },
      "dependencies": {
        "debug": {
          "version": "2.6.9",
          "resolved": "https://registry.npmjs.org/debug/-/debug-2.6.9.tgz",
          "integrity": "sha512-bC7ElrdJaJnPbAP+1EotYvqZsb3ecl5wi6Bfi6BJTUcNowp6cvspg0jXznRTKDjm/E7AdgFBVeAPVMNcKGsHMA==",
          "requires": {
            "ms": "2.0.0"
          }
        },
        "ms": {
          "version": "2.0.0",
          "resolved": "https://registry.npmjs.org/ms/-/ms-2.0.0.tgz",
          "integrity": "sha1-VgiurfwAvmwpAd9fmGF4jeDVl8g="
        }
      }
    },
    "primer-alerts": {
      "version": "1.5.13",
      "resolved": "https://registry.npmjs.org/primer-alerts/-/primer-alerts-1.5.13.tgz",
      "integrity": "sha512-RmpYBKhpclKD9doGnH0ehLKZOS25amEkgC3Cwtq8Utxq2BJieeSuVbDcTTPL3ktFA9wez1mxR2vk2CCF3Rl9oQ==",
      "requires": {
        "primer-support": "4.7.2"
      }
    },
    "primer-avatars": {
      "version": "1.5.10",
      "resolved": "https://registry.npmjs.org/primer-avatars/-/primer-avatars-1.5.10.tgz",
      "integrity": "sha512-gn5JO8AHlTvR2z15mDBJsVpMfs3eNoT60fNSF/N+ixFNRCfe4CIgHO8S3R1iCB6MpmkMxsPT38HNkiFUCyKN7w==",
      "requires": {
        "primer-support": "4.7.2"
      }
    },
    "primer-base": {
      "version": "1.9.2",
      "resolved": "https://registry.npmjs.org/primer-base/-/primer-base-1.9.2.tgz",
      "integrity": "sha512-KgZP0cGq0rdgyK5ozw7UbyqG52o0sbzAfRP3iEeoRhDwCJ3X0XaHeCINty7QhcIzWCccXkdamMe/P6HBwWM12g==",
      "requires": {
        "primer-support": "4.7.2"
      }
    },
    "primer-blankslate": {
      "version": "1.5.2",
      "resolved": "https://registry.npmjs.org/primer-blankslate/-/primer-blankslate-1.5.2.tgz",
      "integrity": "sha512-7raUk+G/FSvU3S7TmJchLw7zkepLOh3F523eWRdMwR5N1DAhCm4VqgehXO1kDCbMj5tuBGfZ6FQ2OzFF0LPOIw==",
      "requires": {
        "primer-support": "4.7.2"
      }
    },
    "primer-box": {
      "version": "2.5.13",
      "resolved": "https://registry.npmjs.org/primer-box/-/primer-box-2.5.13.tgz",
      "integrity": "sha512-ZNZ8TFU05gqZx1oSk6DVdjACOOPsdJZqn0qYBcfsEu+AQQiKJ7HVH8pgODlH5tqj8Ihtoz3Q1CxCmrZhVnjnbA==",
      "requires": {
        "primer-support": "4.7.2"
      }
    },
    "primer-branch-name": {
      "version": "1.0.11",
      "resolved": "https://registry.npmjs.org/primer-branch-name/-/primer-branch-name-1.0.11.tgz",
      "integrity": "sha512-zhLcTVn7zXmHkz57KQcgzc8I7mMHdL2R5VfGpIrHHJqxT3t4SDNbW4g+o3Ap85hnU1sxTXvAWGBAgzAHw0zmCA==",
      "requires": {
        "primer-support": "4.7.2"
      }
    },
    "primer-breadcrumb": {
      "version": "1.5.9",
      "resolved": "https://registry.npmjs.org/primer-breadcrumb/-/primer-breadcrumb-1.5.9.tgz",
      "integrity": "sha512-A2+rm3Gi2vk4LYr8yWrNwYNc2i59gcnfAGyT/QJ7G66R0kLD8M3rIPDw2vmRY5LagTvZ8KnY6wRwc5GSSKVBDQ==",
      "requires": {
        "primer-support": "4.7.2"
      }
    },
    "primer-buttons": {
      "version": "2.6.4",
      "resolved": "https://registry.npmjs.org/primer-buttons/-/primer-buttons-2.6.4.tgz",
      "integrity": "sha512-6+wFjXKGk76qZmUrnUTXm8Zo6viiNlcGcSSiW89OeAW2qkHHlTvyMqoKwExg8nGNFbLIGxhvqb9V++nx20Pq1Q==",
      "requires": {
        "primer-support": "4.7.2"
      }
    },
    "primer-core": {
      "version": "6.10.9",
      "resolved": "https://registry.npmjs.org/primer-core/-/primer-core-6.10.9.tgz",
      "integrity": "sha512-OJmJzhjw4UXXU/IzH3JoJL6KGHfWep8G8t+EHNGIJVHBsrGQYylp5iEcsPuHLDQVpKbOtuj3Rqg3ef53ei2R5A==",
      "requires": {
        "primer-base": "1.9.2",
        "primer-box": "2.5.13",
        "primer-breadcrumb": "1.5.9",
        "primer-buttons": "2.6.4",
        "primer-forms": "2.1.8",
        "primer-layout": "1.6.2",
        "primer-navigation": "1.5.11",
        "primer-pagination": "1.0.7",
        "primer-support": "4.7.2",
        "primer-table-object": "1.4.13",
        "primer-tooltips": "1.5.11",
        "primer-truncate": "1.4.13",
        "primer-utilities": "4.14.4"
      }
    },
    "primer-forms": {
      "version": "2.1.8",
      "resolved": "https://registry.npmjs.org/primer-forms/-/primer-forms-2.1.8.tgz",
      "integrity": "sha512-bAobB7DUWphIjdcXfPD6CPWwvWBp5hbH65seO0OT+KkYbCLrDZCeFxLfRs9u1LyYN07DJR/vf4k8wom0Bksr4A==",
      "requires": {
        "primer-support": "4.7.2"
      }
    },
    "primer-labels": {
      "version": "1.5.13",
      "resolved": "https://registry.npmjs.org/primer-labels/-/primer-labels-1.5.13.tgz",
      "integrity": "sha512-fy74yluNWsAxl+gXQeCel0Wi0zrFFr6DDXp4HIkghTPLhVed9H/oCNiELWcoAM1NxxmJCUR34GAW1ASL/hqlKA==",
      "requires": {
        "primer-support": "4.7.2"
      }
    },
    "primer-layout": {
      "version": "1.6.2",
      "resolved": "https://registry.npmjs.org/primer-layout/-/primer-layout-1.6.2.tgz",
      "integrity": "sha512-Ov/g9GiAaKhRAXku2wxsTlmJXhQPAjWpCwibJ+Ooxu0X8n6BA52y/ScZUPFdde+vZYhbFGFQwozU8y2bzuw3dg==",
      "requires": {
        "primer-support": "4.7.2"
      }
    },
    "primer-markdown": {
      "version": "3.7.13",
      "resolved": "https://registry.npmjs.org/primer-markdown/-/primer-markdown-3.7.13.tgz",
      "integrity": "sha512-8GficlbmQ8GIFDzsD9JiFdlgAdeZR66sZa1CTBYbu26osM55/8NyTM7cobRId/MT6uutpRu0J8LlQ2sYuNAIng==",
      "requires": {
        "primer-support": "4.7.2"
      }
    },
    "primer-navigation": {
      "version": "1.5.11",
      "resolved": "https://registry.npmjs.org/primer-navigation/-/primer-navigation-1.5.11.tgz",
      "integrity": "sha512-Fykn/zuJX8z8kEIkzxnbwZhbCbYbuQF7Iv+03yzBeesOfN4VaQKgpTtaAXW26NB1BjOo3omrhVivYoejTFXbuw==",
      "requires": {
        "primer-support": "4.7.2"
      }
    },
    "primer-pagination": {
      "version": "1.0.7",
      "resolved": "https://registry.npmjs.org/primer-pagination/-/primer-pagination-1.0.7.tgz",
      "integrity": "sha512-c0Vmc3ZYspn+JdY6nmH626c+bxkuJLToYueksEMOrET4da05xwnC8dF7v6fh7UlBZ+qNArf+SsFWqXJPW5C8IA==",
      "requires": {
        "primer-support": "4.7.2"
      }
    },
    "primer-popover": {
      "version": "0.1.8",
      "resolved": "https://registry.npmjs.org/primer-popover/-/primer-popover-0.1.8.tgz",
      "integrity": "sha512-9v07joxBbnoY7bbdyGmuqqmRyVdAwm94Ek0SSuJXFX93UDtWQsgl4/61ko57WOZw2U7A3nMfY4uISIw+VPh2Lg==",
      "requires": {
        "primer-support": "4.7.2"
      }
    },
    "primer-product": {
      "version": "5.8.3",
      "resolved": "https://registry.npmjs.org/primer-product/-/primer-product-5.8.3.tgz",
      "integrity": "sha512-PhB7L0xclE1wwrv+o7TFvKV2LCwPn8znjGSjxgj4wB+X9JIbUEmVL8my6iL/FrLogOfzdk7ykZozDBNSW2OL+A==",
      "requires": {
        "primer-alerts": "1.5.13",
        "primer-avatars": "1.5.10",
        "primer-blankslate": "1.5.2",
        "primer-branch-name": "1.0.11",
        "primer-labels": "1.5.13",
        "primer-markdown": "3.7.13",
        "primer-popover": "0.1.8",
        "primer-progress": "0.1.3",
        "primer-subhead": "1.0.11",
        "primer-support": "4.7.2"
      }
    },
    "primer-progress": {
      "version": "0.1.3",
      "resolved": "https://registry.npmjs.org/primer-progress/-/primer-progress-0.1.3.tgz",
      "integrity": "sha512-F9e3D9P/jP8Y5EuASS0czcB0P62v4AhuTdJZHZTYL1hMP3kpbQaUjMYf4QjekxxJgDY4Rf8X3ewkVlvnvjg5ug==",
      "requires": {
        "primer-support": "4.7.2"
      }
    },
    "primer-subhead": {
      "version": "1.0.11",
      "resolved": "https://registry.npmjs.org/primer-subhead/-/primer-subhead-1.0.11.tgz",
      "integrity": "sha512-YDazpiTs4UMQaWYBRr3HWn5Ac1bRhhZUPxdYzbfQapZWL2XOLqgDF4Xvshmd29v6smmno5/Mel8WNXePXx9JyA==",
      "requires": {
        "primer-support": "4.7.2"
      }
    },
    "primer-support": {
      "version": "4.7.2",
      "resolved": "https://registry.npmjs.org/primer-support/-/primer-support-4.7.2.tgz",
      "integrity": "sha512-WbfjjITtGV6iXQeaVPL+AzHj1Jv9RHJRp7kIu5ebFXwolWmCqTBpA/8VmWmssyeTfv8zR7iuCoT0UoBF+uGHww=="
    },
    "primer-table-object": {
      "version": "1.4.13",
      "resolved": "https://registry.npmjs.org/primer-table-object/-/primer-table-object-1.4.13.tgz",
      "integrity": "sha512-JoU/T1aubSg3cvEXh5K95X63W5bJLFlvDflVWMc8QJKiHBPmICH7yccsGI+ybhEUnd7MUD+BEXKgQwM+Iinv5g==",
      "requires": {
        "primer-support": "4.7.2"
      }
    },
    "primer-tooltips": {
      "version": "1.5.11",
      "resolved": "https://registry.npmjs.org/primer-tooltips/-/primer-tooltips-1.5.11.tgz",
      "integrity": "sha512-r0C4gnzg8hChoKVU5hC+e7BlKM3gkO+W8L1o91RCDiguN9S0u/yo3DQwlVL68igvAP34NEYzchsZ82BkQkd1Dg==",
      "requires": {
        "primer-support": "4.7.2"
      }
    },
    "primer-truncate": {
      "version": "1.4.13",
      "resolved": "https://registry.npmjs.org/primer-truncate/-/primer-truncate-1.4.13.tgz",
      "integrity": "sha512-/3saQDL8n77nGJ7zMT05PKTKeMTFrR2QVjZsD5XnOblMiglND95ozOKef0sDcyrgR7fv+qLMXr56+QS/FWFSsw==",
      "requires": {
        "primer-support": "4.7.2"
      }
    },
    "primer-utilities": {
      "version": "4.14.4",
      "resolved": "https://registry.npmjs.org/primer-utilities/-/primer-utilities-4.14.4.tgz",
      "integrity": "sha512-EEZxsp/bjY4jkTqDeVJfWI/df55icDhFDGylX59VeiSVudIgUUe5G1VqtgGJIXgqnkiLf5u+iaOSayFvxqhTrg==",
      "requires": {
        "primer-support": "4.7.2"
      }
    },
    "qs": {
      "version": "2.3.3",
      "resolved": "https://registry.npmjs.org/qs/-/qs-2.3.3.tgz",
      "integrity": "sha1-6eha2+ddoLvkyOBHaghikPhjtAQ="
    },
    "requires-port": {
      "version": "1.0.0",
      "resolved": "https://registry.npmjs.org/requires-port/-/requires-port-1.0.0.tgz",
      "integrity": "sha1-kl0mAdOaxIXgkc8NpcbmlNw9yv8="
    },
    "union": {
      "version": "0.4.6",
      "resolved": "https://registry.npmjs.org/union/-/union-0.4.6.tgz",
      "integrity": "sha1-GY+9rrolTniLDvy2MLwR8kopWeA=",
      "requires": {
        "qs": "~2.3.3"
      }
    },
    "url-join": {
      "version": "2.0.5",
      "resolved": "https://registry.npmjs.org/url-join/-/url-join-2.0.5.tgz",
      "integrity": "sha1-WvIvGMBSoACkjXuCxenC4v7tpyg="
    },
    "wordwrap": {
      "version": "0.0.3",
      "resolved": "https://registry.npmjs.org/wordwrap/-/wordwrap-0.0.3.tgz",
      "integrity": "sha1-o9XabNXAvAAI03I0u68b7WMFkQc="
    }
  }
}
